
Microsoft Visual Studio Solution File, Format Version 12.00
# Visual Studio Version 16
VisualStudioVersion = 16.0.29215.179
MinimumVisualStudioVersion = 10.0.40219.1
Project("{FAE04EC0-301F-11D3-BF4B-00C04F79EFBC}") = "ClientLogger", "ClientLogger\ClientLogger.csproj", "{DC5CBE51-ECDA-4DE3-965B-3111D3542C91}"
EndProject
Global
	GlobalSection(SolutionConfigurationPlatforms) = preSolution
		Debug|Any CPU = Debug|Any CPU
		Release|Any CPU = Release|Any CPU
	EndGlobalSection
	GlobalSection(ProjectConfigurationPlatforms) = postSolution
		{DC5CBE51-ECDA-4DE3-965B-3111D3542C91}.Debug|Any CPU.ActiveCfg = Debug|Any CPU
		{DC5CBE51-ECDA-4DE3-965B-3111D3542C91}.Debug|Any CPU.Build.0 = Debug|Any CPU
		{DC5CBE51-ECDA-4DE3-965B-3111D3542C91}.Release|Any CPU.ActiveCfg = Release|Any CPU
		{DC5CBE51-ECDA-4DE3-965B-3111D3542C91}.Release|Any CPU.Build.0 = Release|Any CPU
	EndGlobalSection
	GlobalSection(SolutionProperties) = preSolution
		HideSolutionNode = FALSE
	EndGlobalSection
	GlobalSection(ExtensibilityGlobals) = postSolution
		SolutionGuid = {50A70E16-6191-4136-AF37-BC1A920B0D48}
	EndGlobalSection
EndGlobal
